
Microsoft Visual Studio Solution File, Format Version 12.00
# Visual Studio Version 17
VisualStudioVersion = 17.2.32526.322
MinimumVisualStudioVersion = 10.0.40219.1
Project("{FAE04EC0-301F-11D3-BF4B-00C04F79EFBC}") = "SD-330-W22SD-Assignment", "SD-330-W22SD-Assignment\SD-330-W22SD-Assignment.csproj", "{190392FC-0954-4B54-B436-E19D93071C55}"
EndProject
Global
	GlobalSection(SolutionConfigurationPlatforms) = preSolution
		Debug|Any CPU = Debug|Any CPU
		Release|Any CPU = Release|Any CPU
	EndGlobalSection
	GlobalSection(ProjectConfigurationPlatforms) = postSolution
		{190392FC-0954-4B54-B436-E19D93071C55}.Debug|Any CPU.ActiveCfg = Debug|Any CPU
		{190392FC-0954-4B54-B436-E19D93071C55}.Debug|Any CPU.Build.0 = Debug|Any CPU
		{190392FC-0954-4B54-B436-E19D93071C55}.Release|Any CPU.ActiveCfg = Release|Any CPU
		{190392FC-0954-4B54-B436-E19D93071C55}.Release|Any CPU.Build.0 = Release|Any CPU
	EndGlobalSection
	GlobalSection(SolutionProperties) = preSolution
		HideSolutionNode = FALSE
	EndGlobalSection
	GlobalSection(ExtensibilityGlobals) = postSolution
		SolutionGuid = {C1228C44-C760-4D4B-A5B5-699CDB8744F7}
	EndGlobalSection
EndGlobal
